
Microsoft Visual Studio Solution File, Format Version 12.00
# Visual Studio 15
VisualStudioVersion = 15.0.28307.960
MinimumVisualStudioVersion = 10.0.40219.1
Project("{FAE04EC0-301F-11D3-BF4B-00C04F79EFBC}") = "ECommerce.API", "ECommerce.API\ECommerce.API.csproj", "{2D5EE6BD-71B1-42BE-BE6A-40775FEEF9D1}"
EndProject
Project("{FAE04EC0-301F-11D3-BF4B-00C04F79EFBC}") = "ECommerce.Objects", "ECommerce.Objects\ECommerce.Objects.csproj", "{4281089C-D9F9-49AE-B915-D6616C3F8DB5}"
EndProject
Project("{FAE04EC0-301F-11D3-BF4B-00C04F79EFBC}") = "ECommerce.DAL", "ECommerce.DAL\ECommerce.DAL.csproj", "{41793BD9-D8C7-49AC-97EF-50BE53BD12D6}"
EndProject
Project("{FAE04EC0-301F-11D3-BF4B-00C04F79EFBC}") = "ECommerce.BLL", "ECommerce.BAL\ECommerce.BLL.csproj", "{2279BADB-A7B9-4C06-AF04-4BD99A43A552}"
EndProject
Project("{FAE04EC0-301F-11D3-BF4B-00C04F79EFBC}") = "ECommerce.Tests", "ECommerce.Tests\ECommerce.Tests.csproj", "{FEF44932-01BF-4CC4-BD4B-AFA6077A487C}"
EndProject
Global
	GlobalSection(SolutionConfigurationPlatforms) = preSolution
		Debug|Any CPU = Debug|Any CPU
		Release|Any CPU = Release|Any CPU
	EndGlobalSection
	GlobalSection(ProjectConfigurationPlatforms) = postSolution
		{2D5EE6BD-71B1-42BE-BE6A-40775FEEF9D1}.Debug|Any CPU.ActiveCfg = Debug|Any CPU
		{2D5EE6BD-71B1-42BE-BE6A-40775FEEF9D1}.Debug|Any CPU.Build.0 = Debug|Any CPU
		{2D5EE6BD-71B1-42BE-BE6A-40775FEEF9D1}.Release|Any CPU.ActiveCfg = Release|Any CPU
		{2D5EE6BD-71B1-42BE-BE6A-40775FEEF9D1}.Release|Any CPU.Build.0 = Release|Any CPU
		{4281089C-D9F9-49AE-B915-D6616C3F8DB5}.Debug|Any CPU.ActiveCfg = Debug|Any CPU
		{4281089C-D9F9-49AE-B915-D6616C3F8DB5}.Debug|Any CPU.Build.0 = Debug|Any CPU
		{4281089C-D9F9-49AE-B915-D6616C3F8DB5}.Release|Any CPU.ActiveCfg = Release|Any CPU
		{4281089C-D9F9-49AE-B915-D6616C3F8DB5}.Release|Any CPU.Build.0 = Release|Any CPU
		{41793BD9-D8C7-49AC-97EF-50BE53BD12D6}.Debug|Any CPU.ActiveCfg = Debug|Any CPU
		{41793BD9-D8C7-49AC-97EF-50BE53BD12D6}.Debug|Any CPU.Build.0 = Debug|Any CPU
		{41793BD9-D8C7-49AC-97EF-50BE53BD12D6}.Release|Any CPU.ActiveCfg = Release|Any CPU
		{41793BD9-D8C7-49AC-97EF-50BE53BD12D6}.Release|Any CPU.Build.0 = Release|Any CPU
		{2279BADB-A7B9-4C06-AF04-4BD99A43A552}.Debug|Any CPU.ActiveCfg = Debug|Any CPU
		{2279BADB-A7B9-4C06-AF04-4BD99A43A552}.Debug|Any CPU.Build.0 = Debug|Any CPU
		{2279BADB-A7B9-4C06-AF04-4BD99A43A552}.Release|Any CPU.ActiveCfg = Release|Any CPU
		{2279BADB-A7B9-4C06-AF04-4BD99A43A552}.Release|Any CPU.Build.0 = Release|Any CPU
		{FEF44932-01BF-4CC4-BD4B-AFA6077A487C}.Debug|Any CPU.ActiveCfg = Debug|Any CPU
		{FEF44932-01BF-4CC4-BD4B-AFA6077A487C}.Debug|Any CPU.Build.0 = Debug|Any CPU
		{FEF44932-01BF-4CC4-BD4B-AFA6077A487C}.Release|Any CPU.ActiveCfg = Release|Any CPU
		{FEF44932-01BF-4CC4-BD4B-AFA6077A487C}.Release|Any CPU.Build.0 = Release|Any CPU
	EndGlobalSection
	GlobalSection(SolutionProperties) = preSolution
		HideSolutionNode = FALSE
	EndGlobalSection
	GlobalSection(ExtensibilityGlobals) = postSolution
		SolutionGuid = {F8C12A56-B30F-4C77-93E9-F2CD475AEC03}
	EndGlobalSection
EndGlobal
